
Microsoft Visual Studio Solution File, Format Version 12.00
# Visual Studio Version 17
VisualStudioVersion = 17.8.34309.116
MinimumVisualStudioVersion = 10.0.40219.1
Project("{888888A0-9F3D-457C-B088-3A5042F75D52}") = "somecode2", "somecode2\somecode2.pyproj", "{AA199EC6-BC5C-4869-B88C-307C774006DB}"
EndProject
Global
	GlobalSection(SolutionConfigurationPlatforms) = preSolution
		Debug|Any CPU = Debug|Any CPU
		Release|Any CPU = Release|Any CPU
	EndGlobalSection
	GlobalSection(ProjectConfigurationPlatforms) = postSolution
		{AA199EC6-BC5C-4869-B88C-307C774006DB}.Debug|Any CPU.ActiveCfg = Debug|Any CPU
		{AA199EC6-BC5C-4869-B88C-307C774006DB}.Release|Any CPU.ActiveCfg = Release|Any CPU
	EndGlobalSection
	GlobalSection(SolutionProperties) = preSolution
		HideSolutionNode = FALSE
	EndGlobalSection
	GlobalSection(ExtensibilityGlobals) = postSolution
		SolutionGuid = {3775EBA8-CE4B-463C-9481-AE2628C87D0D}
	EndGlobalSection
EndGlobal
